
Microsoft Visual Studio Solution File, Format Version 12.00
# Visual Studio Version 16
VisualStudioVersion = 16.0.29613.14
MinimumVisualStudioVersion = 10.0.40219.1
Project("{FAE04EC0-301F-11D3-BF4B-00C04F79EFBC}") = "Splatoon2StreamingWidget", "Splatoon2StreamingWidget\Splatoon2StreamingWidget.csproj", "{7793F4DA-B439-4AD4-ABBE-EC6B15BC3D3B}"
EndProject
Global
	GlobalSection(SolutionConfigurationPlatforms) = preSolution
		Debug|Any CPU = Debug|Any CPU
		Release|Any CPU = Release|Any CPU
	EndGlobalSection
	GlobalSection(ProjectConfigurationPlatforms) = postSolution
		{7793F4DA-B439-4AD4-ABBE-EC6B15BC3D3B}.Debug|Any CPU.ActiveCfg = Debug|Any CPU
		{7793F4DA-B439-4AD4-ABBE-EC6B15BC3D3B}.Debug|Any CPU.Build.0 = Debug|Any CPU
		{7793F4DA-B439-4AD4-ABBE-EC6B15BC3D3B}.Release|Any CPU.ActiveCfg = Release|Any CPU
		{7793F4DA-B439-4AD4-ABBE-EC6B15BC3D3B}.Release|Any CPU.Build.0 = Release|Any CPU
	EndGlobalSection
	GlobalSection(SolutionProperties) = preSolution
		HideSolutionNode = FALSE
	EndGlobalSection
	GlobalSection(ExtensibilityGlobals) = postSolution
		SolutionGuid = {66452113-1DE1-4501-BCE6-F055104810DE}
	EndGlobalSection
EndGlobal
